// !$*UTF8*$!
{
	archiveVersion = 1;
	classes = {};
	objectVersion = 56;
	objects = {

/* Begin PBXBuildFile section */
		A00100000000000000000001 /* NightOwlClock25App.swift in Sources */ = {isa = PBXBuildFile; fileRef = A00200000000000000000001 /* NightOwlClock25App.swift */; };
		A00100000000000000000002 /* ContentView.swift in Sources */ = {isa = PBXBuildFile; fileRef = A00200000000000000000002 /* ContentView.swift */; };
		A00100000000000000000003 /* LogicalDateTime.swift in Sources */ = {isa = PBXBuildFile; fileRef = A00200000000000000000003 /* LogicalDateTime.swift */; };
		A00100000000000000000004 /* LogicalDateTimeConverter.swift in Sources */ = {isa = PBXBuildFile; fileRef = A00200000000000000000004 /* LogicalDateTimeConverter.swift */; };
		A00100000000000000000005 /* LogicalDateTimeConverterTests.swift in Sources */ = {isa = PBXBuildFile; fileRef = A00200000000000000000005 /* LogicalDateTimeConverterTests.swift */; };
		A00100000000000000000006 /* XCTest.framework in Frameworks */ = {isa = PBXBuildFile; fileRef = A00200000000000000000007 /* XCTest.framework */; };
		A00100000000000000000007 /* AnalogClockView.swift in Sources */ = {isa = PBXBuildFile; fileRef = A00200000000000000000009 /* AnalogClockView.swift */; };
		A00100000000000000000008 /* DigitalClockView.swift in Sources */ = {isa = PBXBuildFile; fileRef = A0020000000000000000000A /* DigitalClockView.swift */; };
		A00100000000000000000009 /* ClockDashboardView.swift in Sources */ = {isa = PBXBuildFile; fileRef = A0020000000000000000000B /* ClockDashboardView.swift */; };
		A0010000000000000000000A /* SettingsView.swift in Sources */ = {isa = PBXBuildFile; fileRef = A0020000000000000000000C /* SettingsView.swift */; };
		A0010000000000000000000B /* AppEvent.swift in Sources */ = {isa = PBXBuildFile; fileRef = A0020000000000000000000D /* AppEvent.swift */; };
		A0010000000000000000000C /* EventStore.swift in Sources */ = {isa = PBXBuildFile; fileRef = A0020000000000000000000E /* EventStore.swift */; };
		A0010000000000000000000D /* EventEditorView.swift in Sources */ = {isa = PBXBuildFile; fileRef = A0020000000000000000000F /* EventEditorView.swift */; };
		A0010000000000000000000E /* EventListView.swift in Sources */ = {isa = PBXBuildFile; fileRef = A00200000000000000000010 /* EventListView.swift */; };
		A0010000000000000000000F /* CalendarService.swift in Sources */ = {isa = PBXBuildFile; fileRef = A00200000000000000000011 /* CalendarService.swift */; };
		A00100000000000000000010 /* CalendarRegistrationView.swift in Sources */ = {isa = PBXBuildFile; fileRef = A00200000000000000000012 /* CalendarRegistrationView.swift */; };
		A00100000000000000000011 /* WindowConfigurator.swift in Sources */ = {isa = PBXBuildFile; fileRef = A00200000000000000000014 /* WindowConfigurator.swift */; };
		A00100000000000000000012 /* Assets.xcassets in Resources */ = {isa = PBXBuildFile; fileRef = A00200000000000000000015 /* Assets.xcassets */; };
		A00100000000000000000013 /* WindowConfiguratorTests.swift in Sources */ = {isa = PBXBuildFile; fileRef = A00200000000000000000016; };
		A00100000000000000000017 /* DigitalClockFontSettings.swift in Sources */ = {isa = PBXBuildFile; fileRef = A00200000000000000000017; };
		A00100000000000000000018 /* DigitalClockFontPicker.swift in Sources */ = {isa = PBXBuildFile; fileRef = A00200000000000000000018; };
		A00100000000000000000019 /* DigitalClockFontSettingsTests.swift in Sources */ = {isa = PBXBuildFile; fileRef = A00200000000000000000019; };
/* End PBXBuildFile section */

/* Begin PBXContainerItemProxy section */
		A00300000000000000000001 = {isa = PBXContainerItemProxy; containerPortal = A00400000000000000000001 /* Project object */; proxyType = 1; remoteGlobalIDString = A00500000000000000000001; remoteInfo = NightOwlClock25; };
/* End PBXContainerItemProxy section */

/* Begin PBXFileReference section */
		A00200000000000000000001 /* NightOwlClock25App.swift */ = {isa = PBXFileReference; lastKnownFileType = sourcecode.swift; path = NightOwlClock25App.swift; sourceTree = "<group>"; };
		A00200000000000000000002 /* ContentView.swift */ = {isa = PBXFileReference; lastKnownFileType = sourcecode.swift; path = ContentView.swift; sourceTree = "<group>"; };
		A00200000000000000000003 /* LogicalDateTime.swift */ = {isa = PBXFileReference; lastKnownFileType = sourcecode.swift; path = LogicalDateTime.swift; sourceTree = "<group>"; };
		A00200000000000000000004 /* LogicalDateTimeConverter.swift */ = {isa = PBXFileReference; lastKnownFileType = sourcecode.swift; path = LogicalDateTimeConverter.swift; sourceTree = "<group>"; };
		A00200000000000000000005 /* LogicalDateTimeConverterTests.swift */ = {isa = PBXFileReference; lastKnownFileType = sourcecode.swift; path = LogicalDateTimeConverterTests.swift; sourceTree = "<group>"; };
		A00200000000000000000006 /* NightOwlClock25.app */ = {isa = PBXFileReference; explicitFileType = wrapper.application; includeInIndex = 0; path = NightOwlClock25.app; sourceTree = BUILT_PRODUCTS_DIR; };
		A00200000000000000000007 /* XCTest.framework */ = {isa = PBXFileReference; lastKnownFileType = wrapper.framework; name = XCTest.framework; path = System/Library/Frameworks/XCTest.framework; sourceTree = SDKROOT; };
		A00200000000000000000008 /* NightOwlClock25Tests.xctest */ = {isa = PBXFileReference; explicitFileType = wrapper.cfbundle; includeInIndex = 0; path = NightOwlClock25Tests.xctest; sourceTree = BUILT_PRODUCTS_DIR; };
		A00200000000000000000009 /* AnalogClockView.swift */ = {isa = PBXFileReference; lastKnownFileType = sourcecode.swift; path = AnalogClockView.swift; sourceTree = "<group>"; };
		A0020000000000000000000A /* DigitalClockView.swift */ = {isa = PBXFileReference; lastKnownFileType = sourcecode.swift; path = DigitalClockView.swift; sourceTree = "<group>"; };
		A0020000000000000000000B /* ClockDashboardView.swift */ = {isa = PBXFileReference; lastKnownFileType = sourcecode.swift; path = ClockDashboardView.swift; sourceTree = "<group>"; };
		A0020000000000000000000C /* SettingsView.swift */ = {isa = PBXFileReference; lastKnownFileType = sourcecode.swift; path = SettingsView.swift; sourceTree = "<group>"; };
		A0020000000000000000000D /* AppEvent.swift */ = {isa = PBXFileReference; lastKnownFileType = sourcecode.swift; path = AppEvent.swift; sourceTree = "<group>"; };
		A0020000000000000000000E /* EventStore.swift */ = {isa = PBXFileReference; lastKnownFileType = sourcecode.swift; path = EventStore.swift; sourceTree = "<group>"; };
		A0020000000000000000000F /* EventEditorView.swift */ = {isa = PBXFileReference; lastKnownFileType = sourcecode.swift; path = EventEditorView.swift; sourceTree = "<group>"; };
		A00200000000000000000010 /* EventListView.swift */ = {isa = PBXFileReference; lastKnownFileType = sourcecode.swift; path = EventListView.swift; sourceTree = "<group>"; };
		A00200000000000000000011 /* CalendarService.swift */ = {isa = PBXFileReference; lastKnownFileType = sourcecode.swift; path = CalendarService.swift; sourceTree = "<group>"; };
		A00200000000000000000012 /* CalendarRegistrationView.swift */ = {isa = PBXFileReference; lastKnownFileType = sourcecode.swift; path = CalendarRegistrationView.swift; sourceTree = "<group>"; };
		A00200000000000000000013 /* NightOwlClock25.entitlements */ = {isa = PBXFileReference; lastKnownFileType = text.plist.entitlements; path = NightOwlClock25.entitlements; sourceTree = "<group>"; };
		A00200000000000000000014 /* WindowConfigurator.swift */ = {isa = PBXFileReference; lastKnownFileType = sourcecode.swift; path = WindowConfigurator.swift; sourceTree = "<group>"; };
		A00200000000000000000015 /* Assets.xcassets */ = {isa = PBXFileReference; lastKnownFileType = folder.assetcatalog; path = Assets.xcassets; sourceTree = "<group>"; };
		A00200000000000000000016 /* WindowConfiguratorTests.swift */ = {isa = PBXFileReference; lastKnownFileType = sourcecode.swift; path = WindowConfiguratorTests.swift; sourceTree = "<group>"; };
		A00200000000000000000017 /* DigitalClockFontSettings.swift */ = {isa = PBXFileReference; lastKnownFileType = sourcecode.swift; path = DigitalClockFontSettings.swift; sourceTree = "<group>"; };
		A00200000000000000000018 /* DigitalClockFontPicker.swift */ = {isa = PBXFileReference; lastKnownFileType = sourcecode.swift; path = DigitalClockFontPicker.swift; sourceTree = "<group>"; };
		A00200000000000000000019 /* DigitalClockFontSettingsTests.swift */ = {isa = PBXFileReference; lastKnownFileType = sourcecode.swift; path = DigitalClockFontSettingsTests.swift; sourceTree = "<group>"; };
		A0020000000000000000001A /* Info.plist */ = {isa = PBXFileReference; lastKnownFileType = text.plist.xml; path = Info.plist; sourceTree = "<group>"; };
/* End PBXFileReference section */

/* Begin PBXFrameworksBuildPhase section */
		A00600000000000000000001 = {isa = PBXFrameworksBuildPhase; buildActionMask = 2147483647; files = (); runOnlyForDeploymentPostprocessing = 0; };
		A00600000000000000000002 = {isa = PBXFrameworksBuildPhase; buildActionMask = 2147483647; files = (A00100000000000000000006 /* XCTest.framework in Frameworks */,); runOnlyForDeploymentPostprocessing = 0; };
/* End PBXFrameworksBuildPhase section */

/* Begin PBXGroup section */
		A00700000000000000000001 = {isa = PBXGroup; children = (A00700000000000000000002 /* NightOwlClock25 */, A00700000000000000000006 /* Tests */, A00700000000000000000007 /* Frameworks */, A00700000000000000000008 /* Products */,); sourceTree = "<group>"; };
		A00700000000000000000002 /* NightOwlClock25 */ = {isa = PBXGroup; children = (A00700000000000000000003 /* App */, A00700000000000000000004 /* Models */, A00700000000000000000005 /* Services */, A00700000000000000000009 /* Views */, A00200000000000000000015 /* Assets.xcassets */,); path = NightOwlClock25; sourceTree = "<group>"; };
		A00700000000000000000003 /* App */ = {isa = PBXGroup; children = (A0020000000000000000001A, A00200000000000000000001, A00200000000000000000002, A00200000000000000000013,); path = App; sourceTree = "<group>"; };
		A00700000000000000000004 /* Models */ = {isa = PBXGroup; children = (A00200000000000000000003, A0020000000000000000000D,); path = Models; sourceTree = "<group>"; };
		A00700000000000000000005 /* Services */ = {isa = PBXGroup; children = (A00200000000000000000017, A00200000000000000000004, A0020000000000000000000E, A00200000000000000000011, A00200000000000000000014,); path = Services; sourceTree = "<group>"; };
		A00700000000000000000006 /* Tests */ = {isa = PBXGroup; children = (A00200000000000000000019, A00200000000000000000005, A00200000000000000000016,); path = NightOwlClock25Tests; sourceTree = "<group>"; };
		A00700000000000000000007 /* Frameworks */ = {isa = PBXGroup; children = (A00200000000000000000007,); name = Frameworks; sourceTree = "<group>"; };
		A00700000000000000000008 /* Products */ = {isa = PBXGroup; children = (A00200000000000000000006, A00200000000000000000008,); name = Products; sourceTree = "<group>"; };
		A00700000000000000000009 /* Views */ = {isa = PBXGroup; children = (A00200000000000000000018, A00200000000000000000009, A0020000000000000000000A, A0020000000000000000000B, A0020000000000000000000C, A0020000000000000000000F, A00200000000000000000010, A00200000000000000000012,); path = Views; sourceTree = "<group>"; };
/* End PBXGroup section */

/* Begin PBXNativeTarget section */
		A00500000000000000000001 /* NightOwlClock25 */ = {isa = PBXNativeTarget; buildConfigurationList = A00800000000000000000001; buildPhases = (A00900000000000000000001, A00600000000000000000001, A00A00000000000000000001,); buildRules = (); dependencies = (); name = NightOwlClock25; productName = NightOwlClock25; productReference = A00200000000000000000006; productType = "com.apple.product-type.application"; };
		A00500000000000000000002 /* NightOwlClock25Tests */ = {isa = PBXNativeTarget; buildConfigurationList = A00800000000000000000002; buildPhases = (A00900000000000000000002, A00600000000000000000002, A00A00000000000000000002,); buildRules = (); dependencies = (A00B00000000000000000001,); name = NightOwlClock25Tests; productName = NightOwlClock25Tests; productReference = A00200000000000000000008; productType = "com.apple.product-type.bundle.unit-test"; };
/* End PBXNativeTarget section */

/* Begin PBXProject section */
		A00400000000000000000001 /* Project object */ = {isa = PBXProject; attributes = {BuildIndependentTargetsInParallel = YES; LastSwiftUpdateCheck = 2660; LastUpgradeCheck = 2660; TargetAttributes = {A00500000000000000000001 = {CreatedOnToolsVersion = 26.0;}; A00500000000000000000002 = {CreatedOnToolsVersion = 26.0; TestTargetID = A00500000000000000000001;};};}; buildConfigurationList = A00800000000000000000003; compatibilityVersion = "Xcode 14.0"; developmentRegion = ja; hasScannedForEncodings = 0; knownRegions = (ja, en, Base,); mainGroup = A00700000000000000000001; productRefGroup = A00700000000000000000008; projectDirPath = ""; projectRoot = ""; targets = (A00500000000000000000001, A00500000000000000000002,); };
/* End PBXProject section */

/* Begin PBXResourcesBuildPhase section */
		A00A00000000000000000001 = {isa = PBXResourcesBuildPhase; buildActionMask = 2147483647; files = (A00100000000000000000012 /* Assets.xcassets in Resources */,); runOnlyForDeploymentPostprocessing = 0; };
		A00A00000000000000000002 = {isa = PBXResourcesBuildPhase; buildActionMask = 2147483647; files = (); runOnlyForDeploymentPostprocessing = 0; };
/* End PBXResourcesBuildPhase section */

/* Begin PBXSourcesBuildPhase section */
		A00900000000000000000001 = {isa = PBXSourcesBuildPhase; buildActionMask = 2147483647; files = (A00100000000000000000018, A00100000000000000000017, A00100000000000000000001, A00100000000000000000002, A00100000000000000000003, A00100000000000000000004, A00100000000000000000007, A00100000000000000000008, A00100000000000000000009, A0010000000000000000000A, A0010000000000000000000B, A0010000000000000000000C, A0010000000000000000000D, A0010000000000000000000E, A0010000000000000000000F, A00100000000000000000010, A00100000000000000000011,); runOnlyForDeploymentPostprocessing = 0; };
		A00900000000000000000002 = {isa = PBXSourcesBuildPhase; buildActionMask = 2147483647; files = (A00100000000000000000019, A00100000000000000000005, A00100000000000000000013,); runOnlyForDeploymentPostprocessing = 0; };
/* End PBXSourcesBuildPhase section */

/* Begin PBXTargetDependency section */
		A00B00000000000000000001 = {isa = PBXTargetDependency; target = A00500000000000000000001; targetProxy = A00300000000000000000001; };
/* End PBXTargetDependency section */

/* Begin XCBuildConfiguration section */
		A00C00000000000000000001 = {isa = XCBuildConfiguration; buildSettings = {ALWAYS_SEARCH_USER_PATHS = NO; CLANG_ENABLE_MODULES = YES; CLANG_ENABLE_OBJC_ARC = YES; MACOSX_DEPLOYMENT_TARGET = 14.0; ONLY_ACTIVE_ARCH = YES; SDKROOT = macosx; SWIFT_OPTIMIZATION_LEVEL = "-Onone"; SWIFT_VERSION = 5.0;}; name = Debug; };
		A00C00000000000000000002 = {isa = XCBuildConfiguration; buildSettings = {ALWAYS_SEARCH_USER_PATHS = NO; CLANG_ENABLE_MODULES = YES; CLANG_ENABLE_OBJC_ARC = YES; MACOSX_DEPLOYMENT_TARGET = 14.0; SDKROOT = macosx; SWIFT_COMPILATION_MODE = wholemodule; SWIFT_OPTIMIZATION_LEVEL = "-O"; SWIFT_VERSION = 5.0;}; name = Release; };
		A00C00000000000000000003 = {isa = XCBuildConfiguration; buildSettings = {ASSETCATALOG_COMPILER_APPICON_NAME = AppIcon; CODE_SIGN_ENTITLEMENTS = NightOwlClock25/App/NightOwlClock25.entitlements; CODE_SIGN_STYLE = Automatic; COMBINE_HIDPI_IMAGES = YES; CURRENT_PROJECT_VERSION = 1; ENABLE_APP_SANDBOX = YES; ENABLE_HARDENED_RUNTIME = YES; ENABLE_TESTABILITY = YES; GENERATE_INFOPLIST_FILE = NO; INFOPLIST_FILE = NightOwlClock25/App/Info.plist; MARKETING_VERSION = 1.0.0; PRODUCT_BUNDLE_IDENTIFIER = com.example.NightOwlClock25; PRODUCT_NAME = "$(TARGET_NAME)"; SWIFT_EMIT_LOC_STRINGS = YES; SWIFT_OPTIMIZATION_LEVEL = "-Onone";}; name = Debug; };
		A00C00000000000000000004 = {isa = XCBuildConfiguration; buildSettings = {ASSETCATALOG_COMPILER_APPICON_NAME = AppIcon; CODE_SIGN_ENTITLEMENTS = NightOwlClock25/App/NightOwlClock25.entitlements; CODE_SIGN_STYLE = Automatic; COMBINE_HIDPI_IMAGES = YES; CURRENT_PROJECT_VERSION = 1; ENABLE_APP_SANDBOX = YES; ENABLE_HARDENED_RUNTIME = YES; GENERATE_INFOPLIST_FILE = NO; INFOPLIST_FILE = NightOwlClock25/App/Info.plist; MARKETING_VERSION = 1.0.0; PRODUCT_BUNDLE_IDENTIFIER = com.example.NightOwlClock25; PRODUCT_NAME = "$(TARGET_NAME)"; SWIFT_EMIT_LOC_STRINGS = YES;}; name = Release; };
		A00C00000000000000000005 = {isa = XCBuildConfiguration; buildSettings = {BUNDLE_LOADER = "$(TEST_HOST)"; CODE_SIGN_STYLE = Automatic; GENERATE_INFOPLIST_FILE = YES; PRODUCT_BUNDLE_IDENTIFIER = com.example.NightOwlClock25Tests; PRODUCT_NAME = "$(TARGET_NAME)"; TEST_HOST = "$(BUILT_PRODUCTS_DIR)/NightOwlClock25.app/Contents/MacOS/NightOwlClock25";}; name = Debug; };
		A00C00000000000000000006 = {isa = XCBuildConfiguration; buildSettings = {BUNDLE_LOADER = "$(TEST_HOST)"; CODE_SIGN_STYLE = Automatic; GENERATE_INFOPLIST_FILE = YES; PRODUCT_BUNDLE_IDENTIFIER = com.example.NightOwlClock25Tests; PRODUCT_NAME = "$(TARGET_NAME)"; TEST_HOST = "$(BUILT_PRODUCTS_DIR)/NightOwlClock25.app/Contents/MacOS/NightOwlClock25";}; name = Release; };
/* End XCBuildConfiguration section */

/* Begin XCConfigurationList section */
		A00800000000000000000001 = {isa = XCConfigurationList; buildConfigurations = (A00C00000000000000000003, A00C00000000000000000004,); defaultConfigurationIsVisible = 0; defaultConfigurationName = Release; };
		A00800000000000000000002 = {isa = XCConfigurationList; buildConfigurations = (A00C00000000000000000005, A00C00000000000000000006,); defaultConfigurationIsVisible = 0; defaultConfigurationName = Release; };
		A00800000000000000000003 = {isa = XCConfigurationList; buildConfigurations = (A00C00000000000000000001, A00C00000000000000000002,); defaultConfigurationIsVisible = 0; defaultConfigurationName = Release; };
/* End XCConfigurationList section */
	};
	rootObject = A00400000000000000000001 /* Project object */;
}
